// !$*UTF8*$!
{
	archiveVersion = 1;
	classes = {
	};
	objectVersion = 77;
	objects = {

/* Begin PBXContainerItemProxy section */
		F8EB79B82CE81CB8004153A7 /* PBXContainerItemProxy */ = {
			isa = PBXContainerItemProxy;
			containerPortal = F8EB79992CE81CB0004153A7 /* Project object */;
			proxyType = 1;
			remoteGlobalIDString = F8EB79A02CE81CB0004153A7;
			remoteInfo = "cdc-assessment-1-Maggie";
		};
		F8EB79C22CE81CB8004153A7 /* PBXContainerItemProxy */ = {
			isa = PBXContainerItemProxy;
			containerPortal = F8EB79992CE81CB0004153A7 /* Project object */;
			proxyType = 1;
			remoteGlobalIDString = F8EB79A02CE81CB0004153A7;
			remoteInfo = "cdc-assessment-1-Maggie";
		};
/* End PBXContainerItemProxy section */

/* Begin PBXFileReference section */
		F8EB79A12CE81CB1004153A7 /* cdc-assessment-1-Maggie.app */ = {isa = PBXFileReference; explicitFileType = wrapper.application; includeInIndex = 0; path = "cdc-assessment-1-Maggie.app"; sourceTree = BUILT_PRODUCTS_DIR; };
		F8EB79B72CE81CB8004153A7 /* cdc-assessment-1-MaggieTests.xctest */ = {isa = PBXFileReference; explicitFileType = wrapper.cfbundle; includeInIndex = 0; path = "cdc-assessment-1-MaggieTests.xctest"; sourceTree = BUILT_PRODUCTS_DIR; };
		F8EB79C12CE81CB8004153A7 /* cdc-assessment-1-MaggieUITests.xctest */ = {isa = PBXFileReference; explicitFileType = wrapper.cfbundle; includeInIndex = 0; path = "cdc-assessment-1-MaggieUITests.xctest"; sourceTree = BUILT_PRODUCTS_DIR; };
/* End PBXFileReference section */

/* Begin PBXFileSystemSynchronizedBuildFileExceptionSet section */
		F8EB79C92CE81CB8004153A7 /* Exceptions for "cdc-assessment-1-Maggie" folder in "cdc-assessment-1-Maggie" target */ = {
			isa = PBXFileSystemSynchronizedBuildFileExceptionSet;
			membershipExceptions = (
				Info.plist,
			);
			target = F8EB79A02CE81CB0004153A7 /* cdc-assessment-1-Maggie */;
		};
/* End PBXFileSystemSynchronizedBuildFileExceptionSet section */

/* Begin PBXFileSystemSynchronizedRootGroup section */
		F8EB79A32CE81CB1004153A7 /* cdc-assessment-1-Maggie */ = {
			isa = PBXFileSystemSynchronizedRootGroup;
			exceptions = (
				F8EB79C92CE81CB8004153A7 /* Exceptions for "cdc-assessment-1-Maggie" folder in "cdc-assessment-1-Maggie" target */,
			);
			path = "cdc-assessment-1-Maggie";
			sourceTree = "<group>";
		};
		F8EB79BA2CE81CB8004153A7 /* cdc-assessment-1-MaggieTests */ = {
			isa = PBXFileSystemSynchronizedRootGroup;
			path = "cdc-assessment-1-MaggieTests";
			sourceTree = "<group>";
		};
		F8EB79C42CE81CB8004153A7 /* cdc-assessment-1-MaggieUITests */ = {
			isa = PBXFileSystemSynchronizedRootGroup;
			path = "cdc-assessment-1-MaggieUITests";
			sourceTree = "<group>";
		};
/* End PBXFileSystemSynchronizedRootGroup section */

/* Begin PBXFrameworksBuildPhase section */
		F8EB799E2CE81CB0004153A7 /* Frameworks */ = {
			isa = PBXFrameworksBuildPhase;
			buildActionMask = 2147483647;
			files = (
			);
			runOnlyForDeploymentPostprocessing = 0;
		};
		F8EB79B42CE81CB8004153A7 /* Frameworks */ = {
			isa = PBXFrameworksBuildPhase;
			buildActionMask = 2147483647;
			files = (
			);
			runOnlyForDeploymentPostprocessing = 0;
		};
		F8EB79BE2CE81CB8004153A7 /* Frameworks */ = {
			isa = PBXFrameworksBuildPhase;
			buildActionMask = 2147483647;
			files = (
			);
			runOnlyForDeploymentPostprocessing = 0;
		};
/* End PBXFrameworksBuildPhase section */

/* Begin PBXGroup section */
		F8EB79982CE81CB0004153A7 = {
			isa = PBXGroup;
			children = (
				F8EB79A32CE81CB1004153A7 /* cdc-assessment-1-Maggie */,
				F8EB79BA2CE81CB8004153A7 /* cdc-assessment-1-MaggieTests */,
				F8EB79C42CE81CB8004153A7 /* cdc-assessment-1-MaggieUITests */,
				F8EB79A22CE81CB1004153A7 /* Products */,
			);
			sourceTree = "<group>";
		};
		F8EB79A22CE81CB1004153A7 /* Products */ = {
			isa = PBXGroup;
			children = (
				F8EB79A12CE81CB1004153A7 /* cdc-assessment-1-Maggie.app */,
				F8EB79B72CE81CB8004153A7 /* cdc-assessment-1-MaggieTests.xctest */,
				F8EB79C12CE81CB8004153A7 /* cdc-assessment-1-MaggieUITests.xctest */,
			);
			name = Products;
			sourceTree = "<group>";
		};
/* End PBXGroup section */

/* Begin PBXNativeTarget section */
		F8EB79A02CE81CB0004153A7 /* cdc-assessment-1-Maggie */ = {
			isa = PBXNativeTarget;
			buildConfigurationList = F8EB79CA2CE81CB8004153A7 /* Build configuration list for PBXNativeTarget "cdc-assessment-1-Maggie" */;
			buildPhases = (
				F8EB799D2CE81CB0004153A7 /* Sources */,
				F8EB799E2CE81CB0004153A7 /* Frameworks */,
				F8EB799F2CE81CB0004153A7 /* Resources */,
			);
			buildRules = (
			);
			dependencies = (
			);
			fileSystemSynchronizedGroups = (
				F8EB79A32CE81CB1004153A7 /* cdc-assessment-1-Maggie */,
			);
			name = "cdc-assessment-1-Maggie";
			packageProductDependencies = (
			);
			productName = "cdc-assessment-1-Maggie";
			productReference = F8EB79A12CE81CB1004153A7 /* cdc-assessment-1-Maggie.app */;
			productType = "com.apple.product-type.application";
		};
		F8EB79B62CE81CB8004153A7 /* cdc-assessment-1-MaggieTests */ = {
			isa = PBXNativeTarget;
			buildConfigurationList = F8EB79CF2CE81CB8004153A7 /* Build configuration list for PBXNativeTarget "cdc-assessment-1-MaggieTests" */;
			buildPhases = (
				F8EB79B32CE81CB8004153A7 /* Sources */,
				F8EB79B42CE81CB8004153A7 /* Frameworks */,
				F8EB79B52CE81CB8004153A7 /* Resources */,
			);
			buildRules = (
			);
			dependencies = (
				F8EB79B92CE81CB8004153A7 /* PBXTargetDependency */,
			);
			fileSystemSynchronizedGroups = (
				F8EB79BA2CE81CB8004153A7 /* cdc-assessment-1-MaggieTests */,
			);
			name = "cdc-assessment-1-MaggieTests";
			packageProductDependencies = (
			);
			productName = "cdc-assessment-1-MaggieTests";
			productReference = F8EB79B72CE81CB8004153A7 /* cdc-assessment-1-MaggieTests.xctest */;
			productType = "com.apple.product-type.bundle.unit-test";
		};
		F8EB79C02CE81CB8004153A7 /* cdc-assessment-1-MaggieUITests */ = {
			isa = PBXNativeTarget;
			buildConfigurationList = F8EB79D22CE81CB8004153A7 /* Build configuration list for PBXNativeTarget "cdc-assessment-1-MaggieUITests" */;
			buildPhases = (
				F8EB79BD2CE81CB8004153A7 /* Sources */,
				F8EB79BE2CE81CB8004153A7 /* Frameworks */,
				F8EB79BF2CE81CB8004153A7 /* Resources */,
			);
			buildRules = (
			);
			dependencies = (
				F8EB79C32CE81CB8004153A7 /* PBXTargetDependency */,
			);
			fileSystemSynchronizedGroups = (
				F8EB79C42CE81CB8004153A7 /* cdc-assessment-1-MaggieUITests */,
			);
			name = "cdc-assessment-1-MaggieUITests";
			packageProductDependencies = (
			);
			productName = "cdc-assessment-1-MaggieUITests";
			productReference = F8EB79C12CE81CB8004153A7 /* cdc-assessment-1-MaggieUITests.xctest */;
			productType = "com.apple.product-type.bundle.ui-testing";
		};
/* End PBXNativeTarget section */

/* Begin PBXProject section */
		F8EB79992CE81CB0004153A7 /* Project object */ = {
			isa = PBXProject;
			attributes = {
				BuildIndependentTargetsInParallel = 1;
				LastSwiftUpdateCheck = 1610;
				LastUpgradeCheck = 1610;
				TargetAttributes = {
					F8EB79A02CE81CB0004153A7 = {
						CreatedOnToolsVersion = 16.1;
					};
					F8EB79B62CE81CB8004153A7 = {
						CreatedOnToolsVersion = 16.1;
						TestTargetID = F8EB79A02CE81CB0004153A7;
					};
					F8EB79C02CE81CB8004153A7 = {
						CreatedOnToolsVersion = 16.1;
						TestTargetID = F8EB79A02CE81CB0004153A7;
					};
				};
			};
			buildConfigurationList = F8EB799C2CE81CB0004153A7 /* Build configuration list for PBXProject "cdc-assessment-1-Maggie" */;
			developmentRegion = en;
			hasScannedForEncodings = 0;
			knownRegions = (
				en,
				Base,
			);
			mainGroup = F8EB79982CE81CB0004153A7;
			minimizedProjectReferenceProxies = 1;
			preferredProjectObjectVersion = 77;
			productRefGroup = F8EB79A22CE81CB1004153A7 /* Products */;
			projectDirPath = "";
			projectRoot = "";
			targets = (
				F8EB79A02CE81CB0004153A7 /* cdc-assessment-1-Maggie */,
				F8EB79B62CE81CB8004153A7 /* cdc-assessment-1-MaggieTests */,
				F8EB79C02CE81CB8004153A7 /* cdc-assessment-1-MaggieUITests */,
			);
		};
/* End PBXProject section */

/* Begin PBXResourcesBuildPhase section */
		F8EB799F2CE81CB0004153A7 /* Resources */ = {
			isa = PBXResourcesBuildPhase;
			buildActionMask = 2147483647;
			files = (
			);
			runOnlyForDeploymentPostprocessing = 0;
		};
		F8EB79B52CE81CB8004153A7 /* Resources */ = {
			isa = PBXResourcesBuildPhase;
			buildActionMask = 2147483647;
			files = (
			);
			runOnlyForDeploymentPostprocessing = 0;
		};
		F8EB79BF2CE81CB8004153A7 /* Resources */ = {
			isa = PBXResourcesBuildPhase;
			buildActionMask = 2147483647;
			files = (
			);
			runOnlyForDeploymentPostprocessing = 0;
		};
/* End PBXResourcesBuildPhase section */

/* Begin PBXSourcesBuildPhase section */
		F8EB799D2CE81CB0004153A7 /* Sources */ = {
			isa = PBXSourcesBuildPhase;
			buildActionMask = 2147483647;
			files = (
			);
			runOnlyForDeploymentPostprocessing = 0;
		};
		F8EB79B32CE81CB8004153A7 /* Sources */ = {
			isa = PBXSourcesBuildPhase;
			buildActionMask = 2147483647;
			files = (
			);
			runOnlyForDeploymentPostprocessing = 0;
		};
		F8EB79BD2CE81CB8004153A7 /* Sources */ = {
			isa = PBXSourcesBuildPhase;
			buildActionMask = 2147483647;
			files = (
			);
			runOnlyForDeploymentPostprocessing = 0;
		};
/* End PBXSourcesBuildPhase section */

/* Begin PBXTargetDependency section */
		F8EB79B92CE81CB8004153A7 /* PBXTargetDependency */ = {
			isa = PBXTargetDependency;
			target = F8EB79A02CE81CB0004153A7 /* cdc-assessment-1-Maggie */;
			targetProxy = F8EB79B82CE81CB8004153A7 /* PBXContainerItemProxy */;
		};
		F8EB79C32CE81CB8004153A7 /* PBXTargetDependency */ = {
			isa = PBXTargetDependency;
			target = F8EB79A02CE81CB0004153A7 /* cdc-assessment-1-Maggie */;
			targetProxy = F8EB79C22CE81CB8004153A7 /* PBXContainerItemProxy */;
		};
/* End PBXTargetDependency section */

/* Begin XCBuildConfiguration section */
		F8EB79CB2CE81CB8004153A7 /* Debug */ = {
			isa = XCBuildConfiguration;
			buildSettings = {
				ASSETCATALOG_COMPILER_APPICON_NAME = AppIcon;
				ASSETCATALOG_COMPILER_GLOBAL_ACCENT_COLOR_NAME = AccentColor;
				CODE_SIGN_STYLE = Automatic;
				CURRENT_PROJECT_VERSION = 1;
				GENERATE_INFOPLIST_FILE = YES;
				INFOPLIST_FILE = "cdc-assessment-1-Maggie/Info.plist";
				INFOPLIST_KEY_UIApplicationSupportsIndirectInputEvents = YES;
				INFOPLIST_KEY_UILaunchStoryboardName = LaunchScreen;
				INFOPLIST_KEY_UIMainStoryboardFile = Main;
				INFOPLIST_KEY_UISupportedInterfaceOrientations_iPad = "UIInterfaceOrientationPortrait UIInterfaceOrientationPortraitUpsideDown UIInterfaceOrientationLandscapeLeft UIInterfaceOrientationLandscapeRight";
				INFOPLIST_KEY_UISupportedInterfaceOrientations_iPhone = "UIInterfaceOrientationPortrait UIInterfaceOrientationLandscapeLeft UIInterfaceOrientationLandscapeRight";
				LD_RUNPATH_SEARCH_PATHS = (
					"$(inherited)",
					"@executable_path/Frameworks",
				);
				MARKETING_VERSION = 1.0;
				PRODUCT_BUNDLE_IDENTIFIER = "cn.com.zhaominghui.cdc-assessment-1-Maggie";
				PRODUCT_NAME = "$(TARGET_NAME)";
				SWIFT_EMIT_LOC_STRINGS = YES;
				SWIFT_VERSION = 5.0;
				TARGETED_DEVICE_FAMILY = "1,2";
			};
			name = Debug;
		};
		F8EB79CC2CE81CB8004153A7 /* Release */ = {
			isa = XCBuildConfiguration;
			buildSettings = {
				ASSETCATALOG_COMPILER_APPICON_NAME = AppIcon;
				ASSETCATALOG_COMPILER_GLOBAL_ACCENT_COLOR_NAME = AccentColor;
				CODE_SIGN_STYLE = Automatic;
				CURRENT_PROJECT_VERSION = 1;
				GENERATE_INFOPLIST_FILE = YES;
				INFOPLIST_FILE = "cdc-assessment-1-Maggie/Info.plist";
				INFOPLIST_KEY_UIApplicationSupportsIndirectInputEvents = YES;
				INFOPLIST_KEY_UILaunchStoryboardName = LaunchScreen;
				INFOPLIST_KEY_UIMainStoryboardFile = Main;
				INFOPLIST_KEY_UISupportedInterfaceOrientations_iPad = "UIInterfaceOrientationPortrait UIInterfaceOrientationPortraitUpsideDown UIInterfaceOrientationLandscapeLeft UIInterfaceOrientationLandscapeRight";
				INFOPLIST_KEY_UISupportedInterfaceOrientations_iPhone = "UIInterfaceOrientationPortrait UIInterfaceOrientationLandscapeLeft UIInterfaceOrientationLandscapeRight";
				LD_RUNPATH_SEARCH_PATHS = (
					"$(inherited)",
					"@executable_path/Frameworks",
				);
				MARKETING_VERSION = 1.0;
				PRODUCT_BUNDLE_IDENTIFIER = "cn.com.zhaominghui.cdc-assessment-1-Maggie";
				PRODUCT_NAME = "$(TARGET_NAME)";
				SWIFT_EMIT_LOC_STRINGS = YES;
				SWIFT_VERSION = 5.0;
				TARGETED_DEVICE_FAMILY = "1,2";
			};
			name = Release;
		};
		F8EB79CD2CE81CB8004153A7 /* Debug */ = {
			isa = XCBuildConfiguration;
			buildSettings = {
				ALWAYS_SEARCH_USER_PATHS = NO;
				ASSETCATALOG_COMPILER_GENERATE_SWIFT_ASSET_SYMBOL_EXTENSIONS = YES;
				CLANG_ANALYZER_NONNULL = YES;
				CLANG_ANALYZER_NUMBER_OBJECT_CONVERSION = YES_AGGRESSIVE;
				CLANG_CXX_LANGUAGE_STANDARD = "gnu++20";
				CLANG_ENABLE_MODULES = YES;
				CLANG_ENABLE_OBJC_ARC = YES;
				CLANG_ENABLE_OBJC_WEAK = YES;
				CLANG_WARN_BLOCK_CAPTURE_AUTORELEASING = YES;
				CLANG_WARN_BOOL_CONVERSION = YES;
				CLANG_WARN_COMMA = YES;
				CLANG_WARN_CONSTANT_CONVERSION = YES;
				CLANG_WARN_DEPRECATED_OBJC_IMPLEMENTATIONS = YES;
				CLANG_WARN_DIRECT_OBJC_ISA_USAGE = YES_ERROR;
				CLANG_WARN_DOCUMENTATION_COMMENTS = YES;
				CLANG_WARN_EMPTY_BODY = YES;
				CLANG_WARN_ENUM_CONVERSION = YES;
				CLANG_WARN_INFINITE_RECURSION = YES;
				CLANG_WARN_INT_CONVERSION = YES;
				CLANG_WARN_NON_LITERAL_NULL_CONVERSION = YES;
				CLANG_WARN_OBJC_IMPLICIT_RETAIN_SELF = YES;
				CLANG_WARN_OBJC_LITERAL_CONVERSION = YES;
				CLANG_WARN_OBJC_ROOT_CLASS = YES_ERROR;
				CLANG_WARN_QUOTED_INCLUDE_IN_FRAMEWORK_HEADER = YES;
				CLANG_WARN_RANGE_LOOP_ANALYSIS = YES;
				CLANG_WARN_STRICT_PROTOTYPES = YES;
				CLANG_WARN_SUSPICIOUS_MOVE = YES;
				CLANG_WARN_UNGUARDED_AVAILABILITY = YES_AGGRESSIVE;
				CLANG_WARN_UNREACHABLE_CODE = YES;
				CLANG_WARN__DUPLICATE_METHOD_MATCH = YES;
				COPY_PHASE_STRIP = NO;
				DEBUG_INFORMATION_FORMAT = dwarf;
				ENABLE_STRICT_OBJC_MSGSEND = YES;
				ENABLE_TESTABILITY = YES;
				ENABLE_USER_SCRIPT_SANDBOXING = YES;
				GCC_C_LANGUAGE_STANDARD = gnu17;
				GCC_DYNAMIC_NO_PIC = NO;
				GCC_NO_COMMON_BLOCKS = YES;
				GCC_OPTIMIZATION_LEVEL = 0;
				GCC_PREPROCESSOR_DEFINITIONS = (
					"DEBUG=1",
					"$(inherited)",
				);
				GCC_WARN_64_TO_32_BIT_CONVERSION = YES;
				GCC_WARN_ABOUT_RETURN_TYPE = YES_ERROR;
				GCC_WARN_UNDECLARED_SELECTOR = YES;
				GCC_WARN_UNINITIALIZED_AUTOS = YES_AGGRESSIVE;
				GCC_WARN_UNUSED_FUNCTION = YES;
				GCC_WARN_UNUSED_VARIABLE = YES;
				IPHONEOS_DEPLOYMENT_TARGET = 18.1;
				LOCALIZATION_PREFERS_STRING_CATALOGS = YES;
				MTL_ENABLE_DEBUG_INFO = INCLUDE_SOURCE;
				MTL_FAST_MATH = YES;
				ONLY_ACTIVE_ARCH = YES;
				SDKROOT = iphoneos;
				SWIFT_ACTIVE_COMPILATION_CONDITIONS = "DEBUG $(inherited)";
				SWIFT_OPTIMIZATION_LEVEL = "-Onone";
			};
			name = Debug;
		};
		F8EB79CE2CE81CB8004153A7 /* Release */ = {
			isa = XCBuildConfiguration;
			buildSettings = {
				ALWAYS_SEARCH_USER_PATHS = NO;
				ASSETCATALOG_COMPILER_GENERATE_SWIFT_ASSET_SYMBOL_EXTENSIONS = YES;
				CLANG_ANALYZER_NONNULL = YES;
				CLANG_ANALYZER_NUMBER_OBJECT_CONVERSION = YES_AGGRESSIVE;
				CLANG_CXX_LANGUAGE_STANDARD = "gnu++20";
				CLANG_ENABLE_MODULES = YES;
				CLANG_ENABLE_OBJC_ARC = YES;
				CLANG_ENABLE_OBJC_WEAK = YES;
				CLANG_WARN_BLOCK_CAPTURE_AUTORELEASING = YES;
				CLANG_WARN_BOOL_CONVERSION = YES;
				CLANG_WARN_COMMA = YES;
				CLANG_WARN_CONSTANT_CONVERSION = YES;
				CLANG_WARN_DEPRECATED_OBJC_IMPLEMENTATIONS = YES;
				CLANG_WARN_DIRECT_OBJC_ISA_USAGE = YES_ERROR;
				CLANG_WARN_DOCUMENTATION_COMMENTS = YES;
				CLANG_WARN_EMPTY_BODY = YES;
				CLANG_WARN_ENUM_CONVERSION = YES;
				CLANG_WARN_INFINITE_RECURSION = YES;
				CLANG_WARN_INT_CONVERSION = YES;
				CLANG_WARN_NON_LITERAL_NULL_CONVERSION = YES;
				CLANG_WARN_OBJC_IMPLICIT_RETAIN_SELF = YES;
				CLANG_WARN_OBJC_LITERAL_CONVERSION = YES;
				CLANG_WARN_OBJC_ROOT_CLASS = YES_ERROR;
				CLANG_WARN_QUOTED_INCLUDE_IN_FRAMEWORK_HEADER = YES;
				CLANG_WARN_RANGE_LOOP_ANALYSIS = YES;
				CLANG_WARN_STRICT_PROTOTYPES = YES;
				CLANG_WARN_SUSPICIOUS_MOVE = YES;
				CLANG_WARN_UNGUARDED_AVAILABILITY = YES_AGGRESSIVE;
				CLANG_WARN_UNREACHABLE_CODE = YES;
				CLANG_WARN__DUPLICATE_METHOD_MATCH = YES;
				COPY_PHASE_STRIP = NO;
				DEBUG_INFORMATION_FORMAT = "dwarf-with-dsym";
				ENABLE_NS_ASSERTIONS = NO;
				ENABLE_STRICT_OBJC_MSGSEND = YES;
				ENABLE_USER_SCRIPT_SANDBOXING = YES;
				GCC_C_LANGUAGE_STANDARD = gnu17;
				GCC_NO_COMMON_BLOCKS = YES;
				GCC_WARN_64_TO_32_BIT_CONVERSION = YES;
				GCC_WARN_ABOUT_RETURN_TYPE = YES_ERROR;
				GCC_WARN_UNDECLARED_SELECTOR = YES;
				GCC_WARN_UNINITIALIZED_AUTOS = YES_AGGRESSIVE;
				GCC_WARN_UNUSED_FUNCTION = YES;
				GCC_WARN_UNUSED_VARIABLE = YES;
				IPHONEOS_DEPLOYMENT_TARGET = 18.1;
				LOCALIZATION_PREFERS_STRING_CATALOGS = YES;
				MTL_ENABLE_DEBUG_INFO = NO;
				MTL_FAST_MATH = YES;
				SDKROOT = iphoneos;
				SWIFT_COMPILATION_MODE = wholemodule;
				VALIDATE_PRODUCT = YES;
			};
			name = Release;
		};
		F8EB79D02CE81CB8004153A7 /* Debug */ = {
			isa = XCBuildConfiguration;
			buildSettings = {
				BUNDLE_LOADER = "$(TEST_HOST)";
				CODE_SIGN_STYLE = Automatic;
				CURRENT_PROJECT_VERSION = 1;
				GENERATE_INFOPLIST_FILE = YES;
				IPHONEOS_DEPLOYMENT_TARGET = 18.1;
				MARKETING_VERSION = 1.0;
				PRODUCT_BUNDLE_IDENTIFIER = "cn.com.zhaominghui.cdc-assessment-1-MaggieTests";
				PRODUCT_NAME = "$(TARGET_NAME)";
				SWIFT_EMIT_LOC_STRINGS = NO;
				SWIFT_VERSION = 5.0;
				TARGETED_DEVICE_FAMILY = "1,2";
				TEST_HOST = "$(BUILT_PRODUCTS_DIR)/cdc-assessment-1-Maggie.app/$(BUNDLE_EXECUTABLE_FOLDER_PATH)/cdc-assessment-1-Maggie";
			};
			name = Debug;
		};
		F8EB79D12CE81CB8004153A7 /* Release */ = {
			isa = XCBuildConfiguration;
			buildSettings = {
				BUNDLE_LOADER = "$(TEST_HOST)";
				CODE_SIGN_STYLE = Automatic;
				CURRENT_PROJECT_VERSION = 1;
				GENERATE_INFOPLIST_FILE = YES;
				IPHONEOS_DEPLOYMENT_TARGET = 18.1;
				MARKETING_VERSION = 1.0;
				PRODUCT_BUNDLE_IDENTIFIER = "cn.com.zhaominghui.cdc-assessment-1-MaggieTests";
				PRODUCT_NAME = "$(TARGET_NAME)";
				SWIFT_EMIT_LOC_STRINGS = NO;
				SWIFT_VERSION = 5.0;
				TARGETED_DEVICE_FAMILY = "1,2";
				TEST_HOST = "$(BUILT_PRODUCTS_DIR)/cdc-assessment-1-Maggie.app/$(BUNDLE_EXECUTABLE_FOLDER_PATH)/cdc-assessment-1-Maggie";
			};
			name = Release;
		};
		F8EB79D32CE81CB8004153A7 /* Debug */ = {
			isa = XCBuildConfiguration;
			buildSettings = {
				CODE_SIGN_STYLE = Automatic;
				CURRENT_PROJECT_VERSION = 1;
				GENERATE_INFOPLIST_FILE = YES;
				MARKETING_VERSION = 1.0;
				PRODUCT_BUNDLE_IDENTIFIER = "cn.com.zhaominghui.cdc-assessment-1-MaggieUITests";
				PRODUCT_NAME = "$(TARGET_NAME)";
				SWIFT_EMIT_LOC_STRINGS = NO;
				SWIFT_VERSION = 5.0;
				TARGETED_DEVICE_FAMILY = "1,2";
				TEST_TARGET_NAME = "cdc-assessment-1-Maggie";
			};
			name = Debug;
		};
		F8EB79D42CE81CB8004153A7 /* Release */ = {
			isa = XCBuildConfiguration;
			buildSettings = {
				CODE_SIGN_STYLE = Automatic;
				CURRENT_PROJECT_VERSION = 1;
				GENERATE_INFOPLIST_FILE = YES;
				MARKETING_VERSION = 1.0;
				PRODUCT_BUNDLE_IDENTIFIER = "cn.com.zhaominghui.cdc-assessment-1-MaggieUITests";
				PRODUCT_NAME = "$(TARGET_NAME)";
				SWIFT_EMIT_LOC_STRINGS = NO;
				SWIFT_VERSION = 5.0;
				TARGETED_DEVICE_FAMILY = "1,2";
				TEST_TARGET_NAME = "cdc-assessment-1-Maggie";
			};
			name = Release;
		};
/* End XCBuildConfiguration section */

/* Begin XCConfigurationList section */
		F8EB799C2CE81CB0004153A7 /* Build configuration list for PBXProject "cdc-assessment-1-Maggie" */ = {
			isa = XCConfigurationList;
			buildConfigurations = (
				F8EB79CD2CE81CB8004153A7 /* Debug */,
				F8EB79CE2CE81CB8004153A7 /* Release */,
			);
			defaultConfigurationIsVisible = 0;
			defaultConfigurationName = Release;
		};
		F8EB79CA2CE81CB8004153A7 /* Build configuration list for PBXNativeTarget "cdc-assessment-1-Maggie" */ = {
			isa = XCConfigurationList;
			buildConfigurations = (
				F8EB79CB2CE81CB8004153A7 /* Debug */,
				F8EB79CC2CE81CB8004153A7 /* Release */,
			);
			defaultConfigurationIsVisible = 0;
			defaultConfigurationName = Release;
		};
		F8EB79CF2CE81CB8004153A7 /* Build configuration list for PBXNativeTarget "cdc-assessment-1-MaggieTests" */ = {
			isa = XCConfigurationList;
			buildConfigurations = (
				F8EB79D02CE81CB8004153A7 /* Debug */,
				F8EB79D12CE81CB8004153A7 /* Release */,
			);
			defaultConfigurationIsVisible = 0;
			defaultConfigurationName = Release;
		};
		F8EB79D22CE81CB8004153A7 /* Build configuration list for PBXNativeTarget "cdc-assessment-1-MaggieUITests" */ = {
			isa = XCConfigurationList;
			buildConfigurations = (
				F8EB79D32CE81CB8004153A7 /* Debug */,
				F8EB79D42CE81CB8004153A7 /* Release */,
			);
			defaultConfigurationIsVisible = 0;
			defaultConfigurationName = Release;
		};
/* End XCConfigurationList section */
	};
	rootObject = F8EB79992CE81CB0004153A7 /* Project object */;
}
